
Microsoft Visual Studio Solution File, Format Version 12.00
# Visual Studio Version 16
VisualStudioVersion = 16.0.30011.22
MinimumVisualStudioVersion = 10.0.40219.1
Project("{9A19103F-16F7-4668-BE54-9A1E7A4F7556}") = "W1", "W1\W1.csproj", "{8F428C10-9ED0-4C28-9BFB-1E76B0DAAC98}"
EndProject
Project("{FAE04EC0-301F-11D3-BF4B-00C04F79EFBC}") = "Test_L14", "Test_L14\Test_L14.csproj", "{455FEA0F-C0D4-4D77-8152-5D65204251E8}"
EndProject
Global
	GlobalSection(SolutionConfigurationPlatforms) = preSolution
		Debug|Any CPU = Debug|Any CPU
		Release|Any CPU = Release|Any CPU
	EndGlobalSection
	GlobalSection(ProjectConfigurationPlatforms) = postSolution
		{8F428C10-9ED0-4C28-9BFB-1E76B0DAAC98}.Debug|Any CPU.ActiveCfg = Debug|Any CPU
		{8F428C10-9ED0-4C28-9BFB-1E76B0DAAC98}.Debug|Any CPU.Build.0 = Debug|Any CPU
		{8F428C10-9ED0-4C28-9BFB-1E76B0DAAC98}.Release|Any CPU.ActiveCfg = Release|Any CPU
		{8F428C10-9ED0-4C28-9BFB-1E76B0DAAC98}.Release|Any CPU.Build.0 = Release|Any CPU
		{455FEA0F-C0D4-4D77-8152-5D65204251E8}.Debug|Any CPU.ActiveCfg = Debug|Any CPU
		{455FEA0F-C0D4-4D77-8152-5D65204251E8}.Debug|Any CPU.Build.0 = Debug|Any CPU
		{455FEA0F-C0D4-4D77-8152-5D65204251E8}.Release|Any CPU.ActiveCfg = Release|Any CPU
		{455FEA0F-C0D4-4D77-8152-5D65204251E8}.Release|Any CPU.Build.0 = Release|Any CPU
	EndGlobalSection
	GlobalSection(SolutionProperties) = preSolution
		HideSolutionNode = FALSE
	EndGlobalSection
	GlobalSection(ExtensibilityGlobals) = postSolution
		SolutionGuid = {FA265C37-06CC-4E69-BADB-5385B6D8D050}
	EndGlobalSection
EndGlobal
